
Microsoft Visual Studio Solution File, Format Version 12.00
# Visual Studio Version 16
VisualStudioVersion = 16.0.32510.428
MinimumVisualStudioVersion = 10.0.40219.1
Project("{FAE04EC0-301F-11D3-BF4B-00C04F79EFBC}") = "SonarTest", "SonarTest\SonarTest.csproj", "{46B70EF1-DAC9-4162-A8AD-8EA898D9167D}"
EndProject
Global
	GlobalSection(SolutionConfigurationPlatforms) = preSolution
		Debug|Any CPU = Debug|Any CPU
		Release|Any CPU = Release|Any CPU
	EndGlobalSection
	GlobalSection(ProjectConfigurationPlatforms) = postSolution
		{46B70EF1-DAC9-4162-A8AD-8EA898D9167D}.Debug|Any CPU.ActiveCfg = Debug|Any CPU
		{46B70EF1-DAC9-4162-A8AD-8EA898D9167D}.Debug|Any CPU.Build.0 = Debug|Any CPU
		{46B70EF1-DAC9-4162-A8AD-8EA898D9167D}.Release|Any CPU.ActiveCfg = Release|Any CPU
		{46B70EF1-DAC9-4162-A8AD-8EA898D9167D}.Release|Any CPU.Build.0 = Release|Any CPU
	EndGlobalSection
	GlobalSection(SolutionProperties) = preSolution
		HideSolutionNode = FALSE
	EndGlobalSection
	GlobalSection(ExtensibilityGlobals) = postSolution
		SolutionGuid = {F0FF68D0-3968-4C51-A5CB-60EADDF43B04}
	EndGlobalSection
EndGlobal
